{
    "_readme": [
        "This file locks the dependencies of your project to a known state",
        "Read more about it at https://getcomposer.org/doc/01-basic-usage.md#installing-dependencies",
        "This file is @generated automatically"
    ],
    "content-hash": "ac5c79bad3af50fe20a00d866455bad0",
    "packages": [],
    "packages-dev": [],
    "aliases": [],
    "minimum-stability": "stable",
    "stability-flags": {},
    "prefer-stable": false,
    "prefer-lowest": false,
    "platform": {
        "php": ">=7.1",
        "ext-gd": "*",
        "ext-curl": "*",
        "ext-json": "*",
        "ext-mbstring": "*",
        "ext-pdo": "*"
    },
    "platform-dev": {},
    "plugin-api-version": "2.6.0"
}
